// !$*UTF8*$!
{
	archiveVersion = 1;
	classes = {
	};
	objectVersion = 56;
	objects = {

/* Begin PBXBuildFile section */
		050F793C2CB508CE005E6E8F /* CustomTabControllerViewController.swift in Sources */ = {isa = PBXBuildFile; fileRef = 050F793B2CB508CE005E6E8F /* CustomTabControllerViewController.swift */; };
		0513868C2CC1FA8600D7F18F /* ItemTableViewCell.swift in Sources */ = {isa = PBXBuildFile; fileRef = 0513868B2CC1FA8600D7F18F /* ItemTableViewCell.swift */; };
		0513868E2CC2141A00D7F18F /* TransactionCell.swift in Sources */ = {isa = PBXBuildFile; fileRef = 0513868D2CC2141A00D7F18F /* TransactionCell.swift */; };
		052B43632CBF454D00555D64 /* AdminViewController.swift in Sources */ = {isa = PBXBuildFile; fileRef = 052B43622CBF454D00555D64 /* AdminViewController.swift */; };
		052B43652CBF48A200555D64 /* ItemListViewController.swift in Sources */ = {isa = PBXBuildFile; fileRef = 052B43642CBF48A200555D64 /* ItemListViewController.swift */; };
		052B43692CBF981B00555D64 /* UserSession.swift in Sources */ = {isa = PBXBuildFile; fileRef = 052B43682CBF981B00555D64 /* UserSession.swift */; };
		052B436B2CBFC66600555D64 /* HistoryViewController.swift in Sources */ = {isa = PBXBuildFile; fileRef = 052B436A2CBFC66600555D64 /* HistoryViewController.swift */; };
		052B7F902C9D613300313708 /* AppDelegate.swift in Sources */ = {isa = PBXBuildFile; fileRef = 052B7F8F2C9D613300313708 /* AppDelegate.swift */; };
		052B7F922C9D613300313708 /* SceneDelegate.swift in Sources */ = {isa = PBXBuildFile; fileRef = 052B7F912C9D613300313708 /* SceneDelegate.swift */; };
		052B7F942C9D613300313708 /* ViewController.swift in Sources */ = {isa = PBXBuildFile; fileRef = 052B7F932C9D613300313708 /* ViewController.swift */; };
		052B7F972C9D613300313708 /* Base in Resources */ = {isa = PBXBuildFile; fileRef = 052B7F962C9D613300313708 /* Base */; };
		052B7F992C9D613500313708 /* Assets.xcassets in Resources */ = {isa = PBXBuildFile; fileRef = 052B7F982C9D613500313708 /* Assets.xcassets */; };
		052B7F9C2C9D613500313708 /* Base in Resources */ = {isa = PBXBuildFile; fileRef = 052B7F9B2C9D613500313708 /* Base */; };
		0582BDCE2CA418D20077F880 /* RegisterView.swift in Sources */ = {isa = PBXBuildFile; fileRef = 0582BDCD2CA418D20077F880 /* RegisterView.swift */; };
		058C9C082CBA5833006F76D3 /* ItemDescriptionViewController.swift in Sources */ = {isa = PBXBuildFile; fileRef = 058C9C072CBA5833006F76D3 /* ItemDescriptionViewController.swift */; };
		058C9C0A2CBA61D9006F76D3 /* DetailSheetViewController.swift in Sources */ = {isa = PBXBuildFile; fileRef = 058C9C092CBA61D9006F76D3 /* DetailSheetViewController.swift */; };
		0598E6C92CBE2C590021B752 /* account_SettingsViewController.swift in Sources */ = {isa = PBXBuildFile; fileRef = 0598E6C82CBE2C590021B752 /* account_SettingsViewController.swift */; };
		05A734E92CA2B1490033EB5A /* HomeView.swift in Sources */ = {isa = PBXBuildFile; fileRef = 05A734E82CA2B1490033EB5A /* HomeView.swift */; };
		05A84C322CAD3077005067FF /* ItemViewCellViewController.swift in Sources */ = {isa = PBXBuildFile; fileRef = 05A84C312CAD3077005067FF /* ItemViewCellViewController.swift */; };
		05A84C382CAD41BC005067FF /* ProfileView.swift in Sources */ = {isa = PBXBuildFile; fileRef = 05A84C372CAD41BC005067FF /* ProfileView.swift */; };
		05A84C422CAFE3C0005067FF /* CollectionViewCell.swift in Sources */ = {isa = PBXBuildFile; fileRef = 05A84C412CAFE3C0005067FF /* CollectionViewCell.swift */; };
		05C5F87A2CB3709700515059 /* DetailPageView.swift in Sources */ = {isa = PBXBuildFile; fileRef = 05C5F8792CB3709700515059 /* DetailPageView.swift */; };
		05CFFBE52CC6162F00BBA7CE /* GramejiaData.xcdatamodeld in Sources */ = {isa = PBXBuildFile; fileRef = 05CFFBE32CC6162F00BBA7CE /* GramejiaData.xcdatamodeld */; };
		05F6E4342CB6269100A5896D /* CartViewController.swift in Sources */ = {isa = PBXBuildFile; fileRef = 05F6E4332CB6269100A5896D /* CartViewController.swift */; };
		05F6E4362CB6277500A5896D /* TableViewCell.swift in Sources */ = {isa = PBXBuildFile; fileRef = 05F6E4352CB6277500A5896D /* TableViewCell.swift */; };
/* End PBXBuildFile section */

/* Begin PBXFileReference section */
		050F793B2CB508CE005E6E8F /* CustomTabControllerViewController.swift */ = {isa = PBXFileReference; lastKnownFileType = sourcecode.swift; path = CustomTabControllerViewController.swift; sourceTree = "<group>"; };
		0513868B2CC1FA8600D7F18F /* ItemTableViewCell.swift */ = {isa = PBXFileReference; lastKnownFileType = sourcecode.swift; path = ItemTableViewCell.swift; sourceTree = "<group>"; };
		0513868D2CC2141A00D7F18F /* TransactionCell.swift */ = {isa = PBXFileReference; lastKnownFileType = sourcecode.swift; path = TransactionCell.swift; sourceTree = "<group>"; };
		052B43622CBF454D00555D64 /* AdminViewController.swift */ = {isa = PBXFileReference; lastKnownFileType = sourcecode.swift; path = AdminViewController.swift; sourceTree = "<group>"; };
		052B43642CBF48A200555D64 /* ItemListViewController.swift */ = {isa = PBXFileReference; lastKnownFileType = sourcecode.swift; path = ItemListViewController.swift; sourceTree = "<group>"; };
		052B43682CBF981B00555D64 /* UserSession.swift */ = {isa = PBXFileReference; lastKnownFileType = sourcecode.swift; path = UserSession.swift; sourceTree = "<group>"; };
		052B436A2CBFC66600555D64 /* HistoryViewController.swift */ = {isa = PBXFileReference; lastKnownFileType = sourcecode.swift; path = HistoryViewController.swift; sourceTree = "<group>"; };
		052B7F8C2C9D613300313708 /* Gramejia.app */ = {isa = PBXFileReference; explicitFileType = wrapper.application; includeInIndex = 0; path = Gramejia.app; sourceTree = BUILT_PRODUCTS_DIR; };
		052B7F8F2C9D613300313708 /* AppDelegate.swift */ = {isa = PBXFileReference; lastKnownFileType = sourcecode.swift; path = AppDelegate.swift; sourceTree = "<group>"; };
		052B7F912C9D613300313708 /* SceneDelegate.swift */ = {isa = PBXFileReference; lastKnownFileType = sourcecode.swift; path = SceneDelegate.swift; sourceTree = "<group>"; };
		052B7F932C9D613300313708 /* ViewController.swift */ = {isa = PBXFileReference; lastKnownFileType = sourcecode.swift; path = ViewController.swift; sourceTree = "<group>"; };
		052B7F962C9D613300313708 /* Base */ = {isa = PBXFileReference; lastKnownFileType = file.storyboard; name = Base; path = Base.lproj/Main.storyboard; sourceTree = "<group>"; };
		052B7F982C9D613500313708 /* Assets.xcassets */ = {isa = PBXFileReference; lastKnownFileType = folder.assetcatalog; path = Assets.xcassets; sourceTree = "<group>"; };
		052B7F9B2C9D613500313708 /* Base */ = {isa = PBXFileReference; lastKnownFileType = file.storyboard; name = Base; path = Base.lproj/LaunchScreen.storyboard; sourceTree = "<group>"; };
		052B7F9D2C9D613500313708 /* Info.plist */ = {isa = PBXFileReference; lastKnownFileType = text.plist.xml; path = Info.plist; sourceTree = "<group>"; };
		0582BDCD2CA418D20077F880 /* RegisterView.swift */ = {isa = PBXFileReference; lastKnownFileType = sourcecode.swift; path = RegisterView.swift; sourceTree = "<group>"; };
		058C9C072CBA5833006F76D3 /* ItemDescriptionViewController.swift */ = {isa = PBXFileReference; lastKnownFileType = sourcecode.swift; path = ItemDescriptionViewController.swift; sourceTree = "<group>"; };
		058C9C092CBA61D9006F76D3 /* DetailSheetViewController.swift */ = {isa = PBXFileReference; lastKnownFileType = sourcecode.swift; path = DetailSheetViewController.swift; sourceTree = "<group>"; };
		0598E6C82CBE2C590021B752 /* account_SettingsViewController.swift */ = {isa = PBXFileReference; lastKnownFileType = sourcecode.swift; path = account_SettingsViewController.swift; sourceTree = "<group>"; };
		05A734E82CA2B1490033EB5A /* HomeView.swift */ = {isa = PBXFileReference; lastKnownFileType = sourcecode.swift; path = HomeView.swift; sourceTree = "<group>"; };
		05A84C312CAD3077005067FF /* ItemViewCellViewController.swift */ = {isa = PBXFileReference; lastKnownFileType = sourcecode.swift; path = ItemViewCellViewController.swift; sourceTree = "<group>"; };
		05A84C372CAD41BC005067FF /* ProfileView.swift */ = {isa = PBXFileReference; lastKnownFileType = sourcecode.swift; path = ProfileView.swift; sourceTree = "<group>"; };
		05A84C412CAFE3C0005067FF /* CollectionViewCell.swift */ = {isa = PBXFileReference; lastKnownFileType = sourcecode.swift; path = CollectionViewCell.swift; sourceTree = "<group>"; };
		05C5F8792CB3709700515059 /* DetailPageView.swift */ = {isa = PBXFileReference; lastKnownFileType = sourcecode.swift; path = DetailPageView.swift; sourceTree = "<group>"; };
		05CFFBE42CC6162F00BBA7CE /* GramejiaData.xcdatamodel */ = {isa = PBXFileReference; lastKnownFileType = wrapper.xcdatamodel; path = GramejiaData.xcdatamodel; sourceTree = "<group>"; };
		05F6E4332CB6269100A5896D /* CartViewController.swift */ = {isa = PBXFileReference; lastKnownFileType = sourcecode.swift; path = CartViewController.swift; sourceTree = "<group>"; };
		05F6E4352CB6277500A5896D /* TableViewCell.swift */ = {isa = PBXFileReference; lastKnownFileType = sourcecode.swift; path = TableViewCell.swift; sourceTree = "<group>"; };
/* End PBXFileReference section */

/* Begin PBXFrameworksBuildPhase section */
		052B7F892C9D613300313708 /* Frameworks */ = {
			isa = PBXFrameworksBuildPhase;
			buildActionMask = 2147483647;
			files = (
			);
			runOnlyForDeploymentPostprocessing = 0;
		};
/* End PBXFrameworksBuildPhase section */

/* Begin PBXGroup section */
		052B7F832C9D613300313708 = {
			isa = PBXGroup;
			children = (
				050F793B2CB508CE005E6E8F /* CustomTabControllerViewController.swift */,
				05C5F8792CB3709700515059 /* DetailPageView.swift */,
				052B7F8E2C9D613300313708 /* Gramejia */,
				052B7F8D2C9D613300313708 /* Products */,
			);
			sourceTree = "<group>";
		};
		052B7F8D2C9D613300313708 /* Products */ = {
			isa = PBXGroup;
			children = (
				052B7F8C2C9D613300313708 /* Gramejia.app */,
			);
			name = Products;
			sourceTree = "<group>";
		};
		052B7F8E2C9D613300313708 /* Gramejia */ = {
			isa = PBXGroup;
			children = (
				052B43682CBF981B00555D64 /* UserSession.swift */,
				052B43642CBF48A200555D64 /* ItemListViewController.swift */,
				052B7F8F2C9D613300313708 /* AppDelegate.swift */,
				052B7F912C9D613300313708 /* SceneDelegate.swift */,
				052B7F932C9D613300313708 /* ViewController.swift */,
				05A84C312CAD3077005067FF /* ItemViewCellViewController.swift */,
				05A734E82CA2B1490033EB5A /* HomeView.swift */,
				052B7F952C9D613300313708 /* Main.storyboard */,
				0513868D2CC2141A00D7F18F /* TransactionCell.swift */,
				0513868B2CC1FA8600D7F18F /* ItemTableViewCell.swift */,
				052B436A2CBFC66600555D64 /* HistoryViewController.swift */,
				052B43622CBF454D00555D64 /* AdminViewController.swift */,
				0598E6C82CBE2C590021B752 /* account_SettingsViewController.swift */,
				058C9C092CBA61D9006F76D3 /* DetailSheetViewController.swift */,
				058C9C072CBA5833006F76D3 /* ItemDescriptionViewController.swift */,
				05F6E4332CB6269100A5896D /* CartViewController.swift */,
				05CFFBE32CC6162F00BBA7CE /* GramejiaData.xcdatamodeld */,
				05F6E4352CB6277500A5896D /* TableViewCell.swift */,
				05A84C412CAFE3C0005067FF /* CollectionViewCell.swift */,
				05A84C372CAD41BC005067FF /* ProfileView.swift */,
				0582BDCD2CA418D20077F880 /* RegisterView.swift */,
				052B7F982C9D613500313708 /* Assets.xcassets */,
				052B7F9A2C9D613500313708 /* LaunchScreen.storyboard */,
				052B7F9D2C9D613500313708 /* Info.plist */,
			);
			path = Gramejia;
			sourceTree = "<group>";
		};
/* End PBXGroup section */

/* Begin PBXNativeTarget section */
		052B7F8B2C9D613300313708 /* Gramejia */ = {
			isa = PBXNativeTarget;
			buildConfigurationList = 052B7FA02C9D613500313708 /* Build configuration list for PBXNativeTarget "Gramejia" */;
			buildPhases = (
				052B7F882C9D613300313708 /* Sources */,
				052B7F892C9D613300313708 /* Frameworks */,
				052B7F8A2C9D613300313708 /* Resources */,
			);
			buildRules = (
			);
			dependencies = (
			);
			name = Gramejia;
			productName = Gramejia;
			productReference = 052B7F8C2C9D613300313708 /* Gramejia.app */;
			productType = "com.apple.product-type.application";
		};
/* End PBXNativeTarget section */

/* Begin PBXProject section */
		052B7F842C9D613300313708 /* Project object */ = {
			isa = PBXProject;
			attributes = {
				BuildIndependentTargetsInParallel = 1;
				LastSwiftUpdateCheck = 1540;
				LastUpgradeCheck = 1540;
				TargetAttributes = {
					052B7F8B2C9D613300313708 = {
						CreatedOnToolsVersion = 15.4;
					};
				};
			};
			buildConfigurationList = 052B7F872C9D613300313708 /* Build configuration list for PBXProject "Gramejia" */;
			compatibilityVersion = "Xcode 14.0";
			developmentRegion = en;
			hasScannedForEncodings = 0;
			knownRegions = (
				en,
				Base,
			);
			mainGroup = 052B7F832C9D613300313708;
			productRefGroup = 052B7F8D2C9D613300313708 /* Products */;
			projectDirPath = "";
			projectRoot = "";
			targets = (
				052B7F8B2C9D613300313708 /* Gramejia */,
			);
		};
/* End PBXProject section */

/* Begin PBXResourcesBuildPhase section */
		052B7F8A2C9D613300313708 /* Resources */ = {
			isa = PBXResourcesBuildPhase;
			buildActionMask = 2147483647;
			files = (
				052B7F992C9D613500313708 /* Assets.xcassets in Resources */,
				052B7F9C2C9D613500313708 /* Base in Resources */,
				052B7F972C9D613300313708 /* Base in Resources */,
			);
			runOnlyForDeploymentPostprocessing = 0;
		};
/* End PBXResourcesBuildPhase section */

/* Begin PBXSourcesBuildPhase section */
		052B7F882C9D613300313708 /* Sources */ = {
			isa = PBXSourcesBuildPhase;
			buildActionMask = 2147483647;
			files = (
				05A84C382CAD41BC005067FF /* ProfileView.swift in Sources */,
				052B43652CBF48A200555D64 /* ItemListViewController.swift in Sources */,
				058C9C0A2CBA61D9006F76D3 /* DetailSheetViewController.swift in Sources */,
				052B436B2CBFC66600555D64 /* HistoryViewController.swift in Sources */,
				052B7F942C9D613300313708 /* ViewController.swift in Sources */,
				05A84C422CAFE3C0005067FF /* CollectionViewCell.swift in Sources */,
				05C5F87A2CB3709700515059 /* DetailPageView.swift in Sources */,
				05F6E4342CB6269100A5896D /* CartViewController.swift in Sources */,
				052B43632CBF454D00555D64 /* AdminViewController.swift in Sources */,
				0582BDCE2CA418D20077F880 /* RegisterView.swift in Sources */,
				058C9C082CBA5833006F76D3 /* ItemDescriptionViewController.swift in Sources */,
				050F793C2CB508CE005E6E8F /* CustomTabControllerViewController.swift in Sources */,
				0513868E2CC2141A00D7F18F /* TransactionCell.swift in Sources */,
				05CFFBE52CC6162F00BBA7CE /* GramejiaData.xcdatamodeld in Sources */,
				052B43692CBF981B00555D64 /* UserSession.swift in Sources */,
				05A84C322CAD3077005067FF /* ItemViewCellViewController.swift in Sources */,
				0598E6C92CBE2C590021B752 /* account_SettingsViewController.swift in Sources */,
				05A734E92CA2B1490033EB5A /* HomeView.swift in Sources */,
				05F6E4362CB6277500A5896D /* TableViewCell.swift in Sources */,
				052B7F902C9D613300313708 /* AppDelegate.swift in Sources */,
				0513868C2CC1FA8600D7F18F /* ItemTableViewCell.swift in Sources */,
				052B7F922C9D613300313708 /* SceneDelegate.swift in Sources */,
			);
			runOnlyForDeploymentPostprocessing = 0;
		};
/* End PBXSourcesBuildPhase section */

/* Begin PBXVariantGroup section */
		052B7F952C9D613300313708 /* Main.storyboard */ = {
			isa = PBXVariantGroup;
			children = (
				052B7F962C9D613300313708 /* Base */,
			);
			name = Main.storyboard;
			sourceTree = "<group>";
		};
		052B7F9A2C9D613500313708 /* LaunchScreen.storyboard */ = {
			isa = PBXVariantGroup;
			children = (
				052B7F9B2C9D613500313708 /* Base */,
			);
			name = LaunchScreen.storyboard;
			sourceTree = "<group>";
		};
/* End PBXVariantGroup section */

/* Begin XCBuildConfiguration section */
		052B7F9E2C9D613500313708 /* Debug */ = {
			isa = XCBuildConfiguration;
			buildSettings = {
				ALWAYS_SEARCH_USER_PATHS = NO;
				ASSETCATALOG_COMPILER_GENERATE_SWIFT_ASSET_SYMBOL_EXTENSIONS = YES;
				CLANG_ANALYZER_NONNULL = YES;
				CLANG_ANALYZER_NUMBER_OBJECT_CONVERSION = YES_AGGRESSIVE;
				CLANG_CXX_LANGUAGE_STANDARD = "gnu++20";
				CLANG_ENABLE_MODULES = YES;
				CLANG_ENABLE_OBJC_ARC = YES;
				CLANG_ENABLE_OBJC_WEAK = YES;
				CLANG_WARN_BLOCK_CAPTURE_AUTORELEASING = YES;
				CLANG_WARN_BOOL_CONVERSION = YES;
				CLANG_WARN_COMMA = YES;
				CLANG_WARN_CONSTANT_CONVERSION = YES;
				CLANG_WARN_DEPRECATED_OBJC_IMPLEMENTATIONS = YES;
				CLANG_WARN_DIRECT_OBJC_ISA_USAGE = YES_ERROR;
				CLANG_WARN_DOCUMENTATION_COMMENTS = YES;
				CLANG_WARN_EMPTY_BODY = YES;
				CLANG_WARN_ENUM_CONVERSION = YES;
				CLANG_WARN_INFINITE_RECURSION = YES;
				CLANG_WARN_INT_CONVERSION = YES;
				CLANG_WARN_NON_LITERAL_NULL_CONVERSION = YES;
				CLANG_WARN_OBJC_IMPLICIT_RETAIN_SELF = YES;
				CLANG_WARN_OBJC_LITERAL_CONVERSION = YES;
				CLANG_WARN_OBJC_ROOT_CLASS = YES_ERROR;
				CLANG_WARN_QUOTED_INCLUDE_IN_FRAMEWORK_HEADER = YES;
				CLANG_WARN_RANGE_LOOP_ANALYSIS = YES;
				CLANG_WARN_STRICT_PROTOTYPES = YES;
				CLANG_WARN_SUSPICIOUS_MOVE = YES;
				CLANG_WARN_UNGUARDED_AVAILABILITY = YES_AGGRESSIVE;
				CLANG_WARN_UNREACHABLE_CODE = YES;
				CLANG_WARN__DUPLICATE_METHOD_MATCH = YES;
				COPY_PHASE_STRIP = NO;
				DEBUG_INFORMATION_FORMAT = dwarf;
				ENABLE_STRICT_OBJC_MSGSEND = YES;
				ENABLE_TESTABILITY = YES;
				ENABLE_USER_SCRIPT_SANDBOXING = YES;
				GCC_C_LANGUAGE_STANDARD = gnu17;
				GCC_DYNAMIC_NO_PIC = NO;
				GCC_NO_COMMON_BLOCKS = YES;
				GCC_OPTIMIZATION_LEVEL = 0;
				GCC_PREPROCESSOR_DEFINITIONS = (
					"DEBUG=1",
					"$(inherited)",
				);
				GCC_WARN_64_TO_32_BIT_CONVERSION = YES;
				GCC_WARN_ABOUT_RETURN_TYPE = YES_ERROR;
				GCC_WARN_UNDECLARED_SELECTOR = YES;
				GCC_WARN_UNINITIALIZED_AUTOS = YES_AGGRESSIVE;
				GCC_WARN_UNUSED_FUNCTION = YES;
				GCC_WARN_UNUSED_VARIABLE = YES;
				IPHONEOS_DEPLOYMENT_TARGET = 17.5;
				LOCALIZATION_PREFERS_STRING_CATALOGS = YES;
				MTL_ENABLE_DEBUG_INFO = INCLUDE_SOURCE;
				MTL_FAST_MATH = YES;
				ONLY_ACTIVE_ARCH = YES;
				SDKROOT = iphoneos;
				SWIFT_ACTIVE_COMPILATION_CONDITIONS = "DEBUG $(inherited)";
				SWIFT_OPTIMIZATION_LEVEL = "-Onone";
			};
			name = Debug;
		};
		052B7F9F2C9D613500313708 /* Release */ = {
			isa = XCBuildConfiguration;
			buildSettings = {
				ALWAYS_SEARCH_USER_PATHS = NO;
				ASSETCATALOG_COMPILER_GENERATE_SWIFT_ASSET_SYMBOL_EXTENSIONS = YES;
				CLANG_ANALYZER_NONNULL = YES;
				CLANG_ANALYZER_NUMBER_OBJECT_CONVERSION = YES_AGGRESSIVE;
				CLANG_CXX_LANGUAGE_STANDARD = "gnu++20";
				CLANG_ENABLE_MODULES = YES;
				CLANG_ENABLE_OBJC_ARC = YES;
				CLANG_ENABLE_OBJC_WEAK = YES;
				CLANG_WARN_BLOCK_CAPTURE_AUTORELEASING = YES;
				CLANG_WARN_BOOL_CONVERSION = YES;
				CLANG_WARN_COMMA = YES;
				CLANG_WARN_CONSTANT_CONVERSION = YES;
				CLANG_WARN_DEPRECATED_OBJC_IMPLEMENTATIONS = YES;
				CLANG_WARN_DIRECT_OBJC_ISA_USAGE = YES_ERROR;
				CLANG_WARN_DOCUMENTATION_COMMENTS = YES;
				CLANG_WARN_EMPTY_BODY = YES;
				CLANG_WARN_ENUM_CONVERSION = YES;
				CLANG_WARN_INFINITE_RECURSION = YES;
				CLANG_WARN_INT_CONVERSION = YES;
				CLANG_WARN_NON_LITERAL_NULL_CONVERSION = YES;
				CLANG_WARN_OBJC_IMPLICIT_RETAIN_SELF = YES;
				CLANG_WARN_OBJC_LITERAL_CONVERSION = YES;
				CLANG_WARN_OBJC_ROOT_CLASS = YES_ERROR;
				CLANG_WARN_QUOTED_INCLUDE_IN_FRAMEWORK_HEADER = YES;
				CLANG_WARN_RANGE_LOOP_ANALYSIS = YES;
				CLANG_WARN_STRICT_PROTOTYPES = YES;
				CLANG_WARN_SUSPICIOUS_MOVE = YES;
				CLANG_WARN_UNGUARDED_AVAILABILITY = YES_AGGRESSIVE;
				CLANG_WARN_UNREACHABLE_CODE = YES;
				CLANG_WARN__DUPLICATE_METHOD_MATCH = YES;
				COPY_PHASE_STRIP = NO;
				DEBUG_INFORMATION_FORMAT = "dwarf-with-dsym";
				ENABLE_NS_ASSERTIONS = NO;
				ENABLE_STRICT_OBJC_MSGSEND = YES;
				ENABLE_USER_SCRIPT_SANDBOXING = YES;
				GCC_C_LANGUAGE_STANDARD = gnu17;
				GCC_NO_COMMON_BLOCKS = YES;
				GCC_WARN_64_TO_32_BIT_CONVERSION = YES;
				GCC_WARN_ABOUT_RETURN_TYPE = YES_ERROR;
				GCC_WARN_UNDECLARED_SELECTOR = YES;
				GCC_WARN_UNINITIALIZED_AUTOS = YES_AGGRESSIVE;
				GCC_WARN_UNUSED_FUNCTION = YES;
				GCC_WARN_UNUSED_VARIABLE = YES;
				IPHONEOS_DEPLOYMENT_TARGET = 17.5;
				LOCALIZATION_PREFERS_STRING_CATALOGS = YES;
				MTL_ENABLE_DEBUG_INFO = NO;
				MTL_FAST_MATH = YES;
				SDKROOT = iphoneos;
				SWIFT_COMPILATION_MODE = wholemodule;
				VALIDATE_PRODUCT = YES;
			};
			name = Release;
		};
		052B7FA12C9D613500313708 /* Debug */ = {
			isa = XCBuildConfiguration;
			buildSettings = {
				ASSETCATALOG_COMPILER_APPICON_NAME = AppIcon;
				ASSETCATALOG_COMPILER_GLOBAL_ACCENT_COLOR_NAME = AccentColor;
				CODE_SIGN_STYLE = Automatic;
				CURRENT_PROJECT_VERSION = 1;
				GENERATE_INFOPLIST_FILE = YES;
				INFOPLIST_FILE = Gramejia/Info.plist;
				INFOPLIST_KEY_UIApplicationSupportsIndirectInputEvents = YES;
				INFOPLIST_KEY_UILaunchStoryboardName = LaunchScreen;
				INFOPLIST_KEY_UIMainStoryboardFile = Main;
				INFOPLIST_KEY_UISupportedInterfaceOrientations_iPad = "UIInterfaceOrientationPortrait UIInterfaceOrientationPortraitUpsideDown UIInterfaceOrientationLandscapeLeft UIInterfaceOrientationLandscapeRight";
				INFOPLIST_KEY_UISupportedInterfaceOrientations_iPhone = "UIInterfaceOrientationPortrait UIInterfaceOrientationLandscapeLeft UIInterfaceOrientationLandscapeRight";
				LD_RUNPATH_SEARCH_PATHS = (
					"$(inherited)",
					"@executable_path/Frameworks",
				);
				MARKETING_VERSION = 1.0;
				PRODUCT_BUNDLE_IDENTIFIER = Kelompok1.Gramejia;
				PRODUCT_NAME = "$(TARGET_NAME)";
				SWIFT_EMIT_LOC_STRINGS = YES;
				SWIFT_VERSION = 5.0;
				TARGETED_DEVICE_FAMILY = "1,2";
			};
			name = Debug;
		};
		052B7FA22C9D613500313708 /* Release */ = {
			isa = XCBuildConfiguration;
			buildSettings = {
				ASSETCATALOG_COMPILER_APPICON_NAME = AppIcon;
				ASSETCATALOG_COMPILER_GLOBAL_ACCENT_COLOR_NAME = AccentColor;
				CODE_SIGN_STYLE = Automatic;
				CURRENT_PROJECT_VERSION = 1;
				GENERATE_INFOPLIST_FILE = YES;
				INFOPLIST_FILE = Gramejia/Info.plist;
				INFOPLIST_KEY_UIApplicationSupportsIndirectInputEvents = YES;
				INFOPLIST_KEY_UILaunchStoryboardName = LaunchScreen;
				INFOPLIST_KEY_UIMainStoryboardFile = Main;
				INFOPLIST_KEY_UISupportedInterfaceOrientations_iPad = "UIInterfaceOrientationPortrait UIInterfaceOrientationPortraitUpsideDown UIInterfaceOrientationLandscapeLeft UIInterfaceOrientationLandscapeRight";
				INFOPLIST_KEY_UISupportedInterfaceOrientations_iPhone = "UIInterfaceOrientationPortrait UIInterfaceOrientationLandscapeLeft UIInterfaceOrientationLandscapeRight";
				LD_RUNPATH_SEARCH_PATHS = (
					"$(inherited)",
					"@executable_path/Frameworks",
				);
				MARKETING_VERSION = 1.0;
				PRODUCT_BUNDLE_IDENTIFIER = Kelompok1.Gramejia;
				PRODUCT_NAME = "$(TARGET_NAME)";
				SWIFT_EMIT_LOC_STRINGS = YES;
				SWIFT_VERSION = 5.0;
				TARGETED_DEVICE_FAMILY = "1,2";
			};
			name = Release;
		};
/* End XCBuildConfiguration section */

/* Begin XCConfigurationList section */
		052B7F872C9D613300313708 /* Build configuration list for PBXProject "Gramejia" */ = {
			isa = XCConfigurationList;
			buildConfigurations = (
				052B7F9E2C9D613500313708 /* Debug */,
				052B7F9F2C9D613500313708 /* Release */,
			);
			defaultConfigurationIsVisible = 0;
			defaultConfigurationName = Release;
		};
		052B7FA02C9D613500313708 /* Build configuration list for PBXNativeTarget "Gramejia" */ = {
			isa = XCConfigurationList;
			buildConfigurations = (
				052B7FA12C9D613500313708 /* Debug */,
				052B7FA22C9D613500313708 /* Release */,
			);
			defaultConfigurationIsVisible = 0;
			defaultConfigurationName = Release;
		};
/* End XCConfigurationList section */

/* Begin XCVersionGroup section */
		05CFFBE32CC6162F00BBA7CE /* GramejiaData.xcdatamodeld */ = {
			isa = XCVersionGroup;
			children = (
				05CFFBE42CC6162F00BBA7CE /* GramejiaData.xcdatamodel */,
			);
			currentVersion = 05CFFBE42CC6162F00BBA7CE /* GramejiaData.xcdatamodel */;
			name = GramejiaData.xcdatamodeld;
			path = "/Users/prk/Downloads/PROJECK_KELOMPOK_DetailCartUpd-2/Gramejia/Gramejia/GramejiaData.xcdatamodeld";
			sourceTree = "<group>";
			versionGroupType = wrapper.xcdatamodel;
		};
/* End XCVersionGroup section */
	};
	rootObject = 052B7F842C9D613300313708 /* Project object */;
}
